
Microsoft Visual Studio Solution File, Format Version 12.00
# Visual Studio Version 16
VisualStudioVersion = 16.0.29728.190
MinimumVisualStudioVersion = 10.0.40219.1
Project("{E53339B2-1760-4266-BCC7-CA923CBCF16C}") = "docker-compose", "docker-compose.dcproj", "{47FC7AEE-3B7A-4411-ABA6-0027FC4B633A}"
EndProject
Project("{9A19103F-16F7-4668-BE54-9A1E7A4F7556}") = "SeriesAndEpisodes", "SeriesAndEpisodes\SeriesAndEpisodes.csproj", "{D23DAB9E-BFF7-48FD-AA1C-A952939D06DC}"
EndProject
Project("{FAE04EC0-301F-11D3-BF4B-00C04F79EFBC}") = "SeriesAndEpisodes.Tests", "SeriesAndEpisodes.Tests\SeriesAndEpisodes.Tests.csproj", "{D68DBC7A-49A9-4DD7-8263-7933DC8068B4}"
EndProject
Global
	GlobalSection(SolutionConfigurationPlatforms) = preSolution
		Debug|Any CPU = Debug|Any CPU
		Release|Any CPU = Release|Any CPU
	EndGlobalSection
	GlobalSection(ProjectConfigurationPlatforms) = postSolution
		{47FC7AEE-3B7A-4411-ABA6-0027FC4B633A}.Debug|Any CPU.ActiveCfg = Debug|Any CPU
		{47FC7AEE-3B7A-4411-ABA6-0027FC4B633A}.Debug|Any CPU.Build.0 = Debug|Any CPU
		{47FC7AEE-3B7A-4411-ABA6-0027FC4B633A}.Release|Any CPU.ActiveCfg = Release|Any CPU
		{47FC7AEE-3B7A-4411-ABA6-0027FC4B633A}.Release|Any CPU.Build.0 = Release|Any CPU
		{D23DAB9E-BFF7-48FD-AA1C-A952939D06DC}.Debug|Any CPU.ActiveCfg = Debug|Any CPU
		{D23DAB9E-BFF7-48FD-AA1C-A952939D06DC}.Debug|Any CPU.Build.0 = Debug|Any CPU
		{D23DAB9E-BFF7-48FD-AA1C-A952939D06DC}.Release|Any CPU.ActiveCfg = Release|Any CPU
		{D23DAB9E-BFF7-48FD-AA1C-A952939D06DC}.Release|Any CPU.Build.0 = Release|Any CPU
		{D68DBC7A-49A9-4DD7-8263-7933DC8068B4}.Debug|Any CPU.ActiveCfg = Debug|Any CPU
		{D68DBC7A-49A9-4DD7-8263-7933DC8068B4}.Debug|Any CPU.Build.0 = Debug|Any CPU
		{D68DBC7A-49A9-4DD7-8263-7933DC8068B4}.Release|Any CPU.ActiveCfg = Release|Any CPU
		{D68DBC7A-49A9-4DD7-8263-7933DC8068B4}.Release|Any CPU.Build.0 = Release|Any CPU
	EndGlobalSection
	GlobalSection(SolutionProperties) = preSolution
		HideSolutionNode = FALSE
	EndGlobalSection
	GlobalSection(ExtensibilityGlobals) = postSolution
		SolutionGuid = {8E97B126-06BD-4232-88DE-DFE121C7C08F}
	EndGlobalSection
EndGlobal
